
Microsoft Visual Studio Solution File, Format Version 12.00
# Visual Studio 15
VisualStudioVersion = 15.0.27703.2042
MinimumVisualStudioVersion = 10.0.40219.1
Project("{FAE04EC0-301F-11D3-BF4B-00C04F79EFBC}") = "DapperStudents.ConsoleApp", "DapperStudents\DapperStudents.ConsoleApp.csproj", "{B48CA2AE-BED0-4FB2-936F-0B26E7311237}"
EndProject
Project("{FAE04EC0-301F-11D3-BF4B-00C04F79EFBC}") = "DapperStudents.Models", "DapperStudents.Models\DapperStudents.Models.csproj", "{07EA967D-80E5-444F-9122-3929C27BDD4F}"
EndProject
Project("{FAE04EC0-301F-11D3-BF4B-00C04F79EFBC}") = "DapperStudents.DataAccess", "DapperStudents.Repository\DapperStudents.DataAccess.csproj", "{7F3BC756-DD74-4BC6-94C2-3E5CE82D0C40}"
EndProject
Global
	GlobalSection(SolutionConfigurationPlatforms) = preSolution
		Debug|Any CPU = Debug|Any CPU
		Release|Any CPU = Release|Any CPU
	EndGlobalSection
	GlobalSection(ProjectConfigurationPlatforms) = postSolution
		{B48CA2AE-BED0-4FB2-936F-0B26E7311237}.Debug|Any CPU.ActiveCfg = Debug|Any CPU
		{B48CA2AE-BED0-4FB2-936F-0B26E7311237}.Debug|Any CPU.Build.0 = Debug|Any CPU
		{B48CA2AE-BED0-4FB2-936F-0B26E7311237}.Release|Any CPU.ActiveCfg = Release|Any CPU
		{B48CA2AE-BED0-4FB2-936F-0B26E7311237}.Release|Any CPU.Build.0 = Release|Any CPU
		{07EA967D-80E5-444F-9122-3929C27BDD4F}.Debug|Any CPU.ActiveCfg = Debug|Any CPU
		{07EA967D-80E5-444F-9122-3929C27BDD4F}.Debug|Any CPU.Build.0 = Debug|Any CPU
		{07EA967D-80E5-444F-9122-3929C27BDD4F}.Release|Any CPU.ActiveCfg = Release|Any CPU
		{07EA967D-80E5-444F-9122-3929C27BDD4F}.Release|Any CPU.Build.0 = Release|Any CPU
		{7F3BC756-DD74-4BC6-94C2-3E5CE82D0C40}.Debug|Any CPU.ActiveCfg = Debug|Any CPU
		{7F3BC756-DD74-4BC6-94C2-3E5CE82D0C40}.Debug|Any CPU.Build.0 = Debug|Any CPU
		{7F3BC756-DD74-4BC6-94C2-3E5CE82D0C40}.Release|Any CPU.ActiveCfg = Release|Any CPU
		{7F3BC756-DD74-4BC6-94C2-3E5CE82D0C40}.Release|Any CPU.Build.0 = Release|Any CPU
	EndGlobalSection
	GlobalSection(SolutionProperties) = preSolution
		HideSolutionNode = FALSE
	EndGlobalSection
	GlobalSection(ExtensibilityGlobals) = postSolution
		SolutionGuid = {718CA094-4695-4796-9121-0B2D79F2C87A}
	EndGlobalSection
EndGlobal
